
Microsoft Visual Studio Solution File, Format Version 12.00
# Visual Studio Version 16
VisualStudioVersion = 16.0.29503.13
MinimumVisualStudioVersion = 10.0.40219.1
Project("{FAE04EC0-301F-11D3-BF4B-00C04F79EFBC}") = "WebServicesDemo", "WebServicesDemo\WebServicesDemo.csproj", "{92B2FF94-ED1B-4DC3-AE53-D570CC10FA88}"
EndProject
Project("{FAE04EC0-301F-11D3-BF4B-00C04F79EFBC}") = "CalculatorWebApplication", "CalculatorWebApplication\CalculatorWebApplication.csproj", "{F0DA5F3C-157B-4BA2-BE1C-720DFC689428}"
	ProjectSection(ProjectDependencies) = postProject
		{92B2FF94-ED1B-4DC3-AE53-D570CC10FA88} = {92B2FF94-ED1B-4DC3-AE53-D570CC10FA88}
	EndProjectSection
EndProject
Global
	GlobalSection(SolutionConfigurationPlatforms) = preSolution
		Debug|Any CPU = Debug|Any CPU
		Release|Any CPU = Release|Any CPU
	EndGlobalSection
	GlobalSection(ProjectConfigurationPlatforms) = postSolution
		{92B2FF94-ED1B-4DC3-AE53-D570CC10FA88}.Debug|Any CPU.ActiveCfg = Debug|Any CPU
		{92B2FF94-ED1B-4DC3-AE53-D570CC10FA88}.Debug|Any CPU.Build.0 = Debug|Any CPU
		{92B2FF94-ED1B-4DC3-AE53-D570CC10FA88}.Release|Any CPU.ActiveCfg = Release|Any CPU
		{92B2FF94-ED1B-4DC3-AE53-D570CC10FA88}.Release|Any CPU.Build.0 = Release|Any CPU
		{F0DA5F3C-157B-4BA2-BE1C-720DFC689428}.Debug|Any CPU.ActiveCfg = Debug|Any CPU
		{F0DA5F3C-157B-4BA2-BE1C-720DFC689428}.Debug|Any CPU.Build.0 = Debug|Any CPU
		{F0DA5F3C-157B-4BA2-BE1C-720DFC689428}.Release|Any CPU.ActiveCfg = Release|Any CPU
		{F0DA5F3C-157B-4BA2-BE1C-720DFC689428}.Release|Any CPU.Build.0 = Release|Any CPU
	EndGlobalSection
	GlobalSection(SolutionProperties) = preSolution
		HideSolutionNode = FALSE
	EndGlobalSection
	GlobalSection(ExtensibilityGlobals) = postSolution
		SolutionGuid = {63F20D72-5B9E-43FC-B433-C122673158B3}
	EndGlobalSection
EndGlobal
